
Microsoft Visual Studio Solution File, Format Version 12.00
# Visual Studio Version 16
VisualStudioVersion = 16.0.30711.63
MinimumVisualStudioVersion = 10.0.40219.1
Project("{9A19103F-16F7-4668-BE54-9A1E7A4F7556}") = "Pawnshop.DAL", "Pawnshop\Pawnshop.DAL\Pawnshop.DAL.csproj", "{CEDC6591-80BD-4289-AAD3-D8DD433ECE66}"
EndProject
Project("{9A19103F-16F7-4668-BE54-9A1E7A4F7556}") = "Pawnshop.TestingApp", "Pawnshop\Pawnshop.TestingApp\Pawnshop.TestingApp.csproj", "{6CA9BCBB-8A0F-4B27-93E3-95550CB29226}"
EndProject
Global
	GlobalSection(SolutionConfigurationPlatforms) = preSolution
		Debug|Any CPU = Debug|Any CPU
		Release|Any CPU = Release|Any CPU
	EndGlobalSection
	GlobalSection(ProjectConfigurationPlatforms) = postSolution
		{CEDC6591-80BD-4289-AAD3-D8DD433ECE66}.Debug|Any CPU.ActiveCfg = Debug|Any CPU
		{CEDC6591-80BD-4289-AAD3-D8DD433ECE66}.Debug|Any CPU.Build.0 = Debug|Any CPU
		{CEDC6591-80BD-4289-AAD3-D8DD433ECE66}.Release|Any CPU.ActiveCfg = Release|Any CPU
		{CEDC6591-80BD-4289-AAD3-D8DD433ECE66}.Release|Any CPU.Build.0 = Release|Any CPU
		{6CA9BCBB-8A0F-4B27-93E3-95550CB29226}.Debug|Any CPU.ActiveCfg = Debug|Any CPU
		{6CA9BCBB-8A0F-4B27-93E3-95550CB29226}.Debug|Any CPU.Build.0 = Debug|Any CPU
		{6CA9BCBB-8A0F-4B27-93E3-95550CB29226}.Release|Any CPU.ActiveCfg = Release|Any CPU
		{6CA9BCBB-8A0F-4B27-93E3-95550CB29226}.Release|Any CPU.Build.0 = Release|Any CPU
	EndGlobalSection
	GlobalSection(SolutionProperties) = preSolution
		HideSolutionNode = FALSE
	EndGlobalSection
	GlobalSection(ExtensibilityGlobals) = postSolution
		SolutionGuid = {E5606074-19E1-41E2-9357-80CDE5DA40C1}
	EndGlobalSection
EndGlobal
